{
  "version": 4,
  "terraform_version": "1.10.3",
  "serial": 15,
  "lineage": "6c8c3563-bccd-1c06-ffc2-83ceeb23b56d",
  "outputs": {
    "app_service_url": {
      "value": "quetstroey-webapp-development",
      "type": "string"
    },
    "environment": {
      "value": "development",
      "type": "string"
    },
    "resource_group_name": {
      "value": "quetstroey-rg-development-northeurope-01",
      "type": "string"
    }
  },
  "resources": [
    {
      "mode": "managed",
      "type": "azurerm_linux_web_app",
      "name": "web_app",
      "provider": "provider[\"registry.terraform.io/hashicorp/azurerm\"]",
      "instances": [
        {
          "schema_version": 1,
          "attributes": {
            "app_settings": null,
            "auth_settings": [],
            "auth_settings_v2": [],
            "backup": [],
            "client_affinity_enabled": false,
            "client_certificate_enabled": false,
            "client_certificate_exclusion_paths": "",
            "client_certificate_mode": "Required",
            "connection_string": [],
            "custom_domain_verification_id": "B81B04E8C37D794226263C0D9D4B4599614AA9D242B1FCB8392A6ADB3B4A25BE",
            "default_hostname": "quetstroey-webapp-development.azurewebsites.net",
            "enabled": true,
            "ftp_publish_basic_authentication_enabled": true,
            "hosting_environment_id": "",
            "https_only": false,
            "id": "/subscriptions/2e2a11b8-389a-4d5b-8afd-08fd7f8d0d78/resourceGroups/quetstroey-rg-development-northeurope-01/providers/Microsoft.Web/sites/quetstroey-webapp-development",
            "identity": [],
            "key_vault_reference_identity_id": "SystemAssigned",
            "kind": "app,linux",
            "location": "northeurope",
            "logs": [],
            "name": "quetstroey-webapp-development",
            "outbound_ip_address_list": [
              "20.93.48.111",
              "20.93.48.114",
              "20.93.48.124",
              "20.93.48.193",
              "20.93.48.208",
              "20.93.49.18",
              "20.107.224.34"
            ],
            "outbound_ip_addresses": "20.93.48.111,20.93.48.114,20.93.48.124,20.93.48.193,20.93.48.208,20.93.49.18,20.107.224.34",
            "possible_outbound_ip_address_list": [
              "20.93.48.111",
              "20.93.48.114",
              "20.93.48.124",
              "20.93.48.193",
              "20.93.48.208",
              "20.93.49.18",
              "20.93.51.222",
              "20.93.52.2",
              "20.93.52.232",
              "20.93.53.93",
              "20.93.53.105",
              "20.93.53.253",
              "20.93.54.24",
              "20.93.54.175",
              "20.93.54.230",
              "20.93.55.6",
              "20.93.55.24",
              "20.93.55.26",
              "20.93.55.50",
              "20.93.55.72",
              "20.93.55.83",
              "20.93.55.90",
              "20.93.55.126",
              "20.93.55.158",
              "20.107.224.34"
            ],
            "possible_outbound_ip_addresses": "20.93.48.111,20.93.48.114,20.93.48.124,20.93.48.193,20.93.48.208,20.93.49.18,20.93.51.222,20.93.52.2,20.93.52.232,20.93.53.93,20.93.53.105,20.93.53.253,20.93.54.24,20.93.54.175,20.93.54.230,20.93.55.6,20.93.55.24,20.93.55.26,20.93.55.50,20.93.55.72,20.93.55.83,20.93.55.90,20.93.55.126,20.93.55.158,20.107.224.34",
            "public_network_access_enabled": true,
            "resource_group_name": "quetstroey-rg-development-northeurope-01",
            "service_plan_id": "/subscriptions/2e2a11b8-389a-4d5b-8afd-08fd7f8d0d78/resourceGroups/quetstroey-rg-development-northeurope-01/providers/Microsoft.Web/serverFarms/quetstroey-asp-development",
            "site_config": [
              {
                "always_on": true,
                "api_definition_url": "",
                "api_management_api_id": "",
                "app_command_line": "",
                "application_stack": [
                  {
                    "docker_image": "",
                    "docker_image_name": "",
                    "docker_image_tag": "",
                    "docker_registry_password": "",
                    "docker_registry_url": "",
                    "docker_registry_username": "",
                    "dotnet_version": "",
                    "go_version": "",
                    "java_server": "",
                    "java_server_version": "",
                    "java_version": "",
                    "node_version": "",
                    "php_version": "",
                    "python_version": "",
                    "ruby_version": ""
                  }
                ],
                "auto_heal_enabled": false,
                "auto_heal_setting": [],
                "container_registry_managed_identity_client_id": "",
                "container_registry_use_managed_identity": false,
                "cors": [],
                "default_documents": [
                  "Default.htm",
                  "Default.html",
                  "Default.asp",
                  "index.htm",
                  "index.html",
                  "iisstart.htm",
                  "default.aspx",
                  "index.php",
                  "hostingstart.html"
                ],
                "detailed_error_logging_enabled": false,
                "ftps_state": "Disabled",
                "health_check_eviction_time_in_min": 0,
                "health_check_path": "",
                "http2_enabled": false,
                "ip_restriction": [],
                "ip_restriction_default_action": "Allow",
                "linux_fx_version": "",
                "load_balancing_mode": "LeastRequests",
                "local_mysql_enabled": false,
                "managed_pipeline_mode": "Integrated",
                "minimum_tls_version": "1.2",
                "remote_debugging_enabled": false,
                "remote_debugging_version": "VS2022",
                "scm_ip_restriction": [],
                "scm_ip_restriction_default_action": "Allow",
                "scm_minimum_tls_version": "1.2",
                "scm_type": "None",
                "scm_use_main_ip_restriction": false,
                "use_32_bit_worker": true,
                "vnet_route_all_enabled": false,
                "websockets_enabled": false,
                "worker_count": 1
              }
            ],
            "site_credential": [
              {
                "name": "$quetstroey-webapp-development",
                "password": "kre0ddsQ5ha4cCYPLTZa8SqJckACgLWikPNoN10dhFk3Ai3bKZQDRL3ugAh4"
              }
            ],
            "sticky_settings": [],
            "storage_account": [],
            "tags": null,
            "timeouts": null,
            "virtual_network_subnet_id": "",
            "webdeploy_publish_basic_authentication_enabled": true,
            "zip_deploy_file": ""
          },
          "sensitive_attributes": [
            [
              {
                "type": "get_attr",
                "value": "site_credential"
              }
            ],
            [
              {
                "type": "get_attr",
                "value": "custom_domain_verification_id"
              }
            ],
            [
              {
                "type": "get_attr",
                "value": "site_config"
              },
              {
                "type": "index",
                "value": {
                  "value": 0,
                  "type": "number"
                }
              },
              {
                "type": "get_attr",
                "value": "application_stack"
              },
              {
                "type": "index",
                "value": {
                  "value": 0,
                  "type": "number"
                }
              },
              {
                "type": "get_attr",
                "value": "docker_registry_password"
              }
            ]
          ],
          "private": "eyJlMmJmYjczMC1lY2FhLTExZTYtOGY4OC0zNDM2M2JjN2M0YzAiOnsiY3JlYXRlIjoxODAwMDAwMDAwMDAwLCJkZWxldGUiOjE4MDAwMDAwMDAwMDAsInJlYWQiOjMwMDAwMDAwMDAwMCwidXBkYXRlIjoxODAwMDAwMDAwMDAwfSwic2NoZW1hX3ZlcnNpb24iOiIxIn0=",
          "dependencies": [
            "azurerm_resource_group.rg",
            "azurerm_service_plan.service_plan"
          ]
        }
      ]
    },
    {
      "mode": "managed",
      "type": "azurerm_resource_group",
      "name": "rg",
      "provider": "provider[\"registry.terraform.io/hashicorp/azurerm\"]",
      "instances": [
        {
          "schema_version": 0,
          "attributes": {
            "id": "/subscriptions/2e2a11b8-389a-4d5b-8afd-08fd7f8d0d78/resourceGroups/quetstroey-rg-development-northeurope-01",
            "location": "northeurope",
            "managed_by": "",
            "name": "quetstroey-rg-development-northeurope-01",
            "tags": null,
            "timeouts": null
          },
          "sensitive_attributes": [],
          "private": "eyJlMmJmYjczMC1lY2FhLTExZTYtOGY4OC0zNDM2M2JjN2M0YzAiOnsiY3JlYXRlIjo1NDAwMDAwMDAwMDAwLCJkZWxldGUiOjU0MDAwMDAwMDAwMDAsInJlYWQiOjMwMDAwMDAwMDAwMCwidXBkYXRlIjo1NDAwMDAwMDAwMDAwfX0="
        }
      ]
    },
    {
      "mode": "managed",
      "type": "azurerm_service_plan",
      "name": "service_plan",
      "provider": "provider[\"registry.terraform.io/hashicorp/azurerm\"]",
      "instances": [
        {
          "schema_version": 1,
          "attributes": {
            "app_service_environment_id": "",
            "id": "/subscriptions/2e2a11b8-389a-4d5b-8afd-08fd7f8d0d78/resourceGroups/quetstroey-rg-development-northeurope-01/providers/Microsoft.Web/serverFarms/quetstroey-asp-development",
            "kind": "linux",
            "location": "northeurope",
            "maximum_elastic_worker_count": 1,
            "name": "quetstroey-asp-development",
            "os_type": "Linux",
            "per_site_scaling_enabled": false,
            "reserved": true,
            "resource_group_name": "quetstroey-rg-development-northeurope-01",
            "sku_name": "B1",
            "tags": null,
            "timeouts": null,
            "worker_count": 1,
            "zone_balancing_enabled": false
          },
          "sensitive_attributes": [],
          "private": "eyJlMmJmYjczMC1lY2FhLTExZTYtOGY4OC0zNDM2M2JjN2M0YzAiOnsiY3JlYXRlIjozNjAwMDAwMDAwMDAwLCJkZWxldGUiOjM2MDAwMDAwMDAwMDAsInJlYWQiOjMwMDAwMDAwMDAwMCwidXBkYXRlIjozNjAwMDAwMDAwMDAwfSwic2NoZW1hX3ZlcnNpb24iOiIxIn0=",
          "dependencies": [
            "azurerm_resource_group.rg"
          ]
        }
      ]
    },
    {
      "mode": "managed",
      "type": "azurerm_subnet",
      "name": "subnet",
      "provider": "provider[\"registry.terraform.io/hashicorp/azurerm\"]",
      "instances": [
        {
          "schema_version": 0,
          "attributes": {
            "address_prefixes": [
              "172.16.30.0/24"
            ],
            "default_outbound_access_enabled": true,
            "delegation": [],
            "enforce_private_link_endpoint_network_policies": false,
            "enforce_private_link_service_network_policies": false,
            "id": "/subscriptions/2e2a11b8-389a-4d5b-8afd-08fd7f8d0d78/resourceGroups/quetstroey-rg-development-northeurope-01/providers/Microsoft.Network/virtualNetworks/quetstroey-vnet-development/subnets/quetstroey-subnet-development",
            "name": "quetstroey-subnet-development",
            "private_endpoint_network_policies": "Enabled",
            "private_endpoint_network_policies_enabled": true,
            "private_link_service_network_policies_enabled": true,
            "resource_group_name": "quetstroey-rg-development-northeurope-01",
            "service_endpoint_policy_ids": null,
            "service_endpoints": null,
            "timeouts": null,
            "virtual_network_name": "quetstroey-vnet-development"
          },
          "sensitive_attributes": [],
          "private": "eyJlMmJmYjczMC1lY2FhLTExZTYtOGY4OC0zNDM2M2JjN2M0YzAiOnsiY3JlYXRlIjoxODAwMDAwMDAwMDAwLCJkZWxldGUiOjE4MDAwMDAwMDAwMDAsInJlYWQiOjMwMDAwMDAwMDAwMCwidXBkYXRlIjoxODAwMDAwMDAwMDAwfX0=",
          "dependencies": [
            "azurerm_resource_group.rg",
            "azurerm_virtual_network.vnet"
          ]
        }
      ]
    },
    {
      "mode": "managed",
      "type": "azurerm_virtual_network",
      "name": "vnet",
      "provider": "provider[\"registry.terraform.io/hashicorp/azurerm\"]",
      "instances": [
        {
          "schema_version": 0,
          "attributes": {
            "address_space": [
              "172.16.0.0/16"
            ],
            "bgp_community": "",
            "ddos_protection_plan": [],
            "dns_servers": [],
            "edge_zone": "",
            "encryption": [],
            "flow_timeout_in_minutes": 0,
            "guid": "a47e1122-3cec-4f2b-bfb4-21c0877399e9",
            "id": "/subscriptions/2e2a11b8-389a-4d5b-8afd-08fd7f8d0d78/resourceGroups/quetstroey-rg-development-northeurope-01/providers/Microsoft.Network/virtualNetworks/quetstroey-vnet-development",
            "location": "northeurope",
            "name": "quetstroey-vnet-development",
            "resource_group_name": "quetstroey-rg-development-northeurope-01",
            "subnet": [],
            "tags": null,
            "timeouts": null
          },
          "sensitive_attributes": [],
          "private": "eyJlMmJmYjczMC1lY2FhLTExZTYtOGY4OC0zNDM2M2JjN2M0YzAiOnsiY3JlYXRlIjoxODAwMDAwMDAwMDAwLCJkZWxldGUiOjE4MDAwMDAwMDAwMDAsInJlYWQiOjMwMDAwMDAwMDAwMCwidXBkYXRlIjoxODAwMDAwMDAwMDAwfX0=",
          "dependencies": [
            "azurerm_resource_group.rg"
          ]
        }
      ]
    }
  ],
  "check_results": null
}
