{
  "version": 4,
  "terraform_version": "1.10.3",
  "serial": 9,
  "lineage": "6c8c3563-bccd-1c06-ffc2-83ceeb23b56d",
  "outputs": {
    "app_service_url": {
      "value": "quetstroey-webapp-development",
      "type": "string"
    },
    "environment": {
      "value": "development",
      "type": "string"
    },
    "resource_group_name": {
      "value": "quetstroey-rg-development-northeurope-01",
      "type": "string"
    }
  },
  "resources": [
    {
      "mode": "managed",
      "type": "azurerm_resource_group",
      "name": "rg",
      "provider": "provider[\"registry.terraform.io/hashicorp/azurerm\"]",
      "instances": [
        {
          "schema_version": 0,
          "attributes": {
            "id": "/subscriptions/2e2a11b8-389a-4d5b-8afd-08fd7f8d0d78/resourceGroups/quetstroey-rg-development-northeurope-01",
            "location": "northeurope",
            "managed_by": "",
            "name": "quetstroey-rg-development-northeurope-01",
            "tags": {},
            "timeouts": null
          },
          "sensitive_attributes": [],
          "private": "eyJlMmJmYjczMC1lY2FhLTExZTYtOGY4OC0zNDM2M2JjN2M0YzAiOnsiY3JlYXRlIjo1NDAwMDAwMDAwMDAwLCJkZWxldGUiOjU0MDAwMDAwMDAwMDAsInJlYWQiOjMwMDAwMDAwMDAwMCwidXBkYXRlIjo1NDAwMDAwMDAwMDAwfX0="
        }
      ]
    },
    {
      "mode": "managed",
      "type": "azurerm_subnet",
      "name": "subnet",
      "provider": "provider[\"registry.terraform.io/hashicorp/azurerm\"]",
      "instances": [
        {
          "schema_version": 0,
          "attributes": {
            "address_prefixes": [
              "172.16.30.0/24"
            ],
            "default_outbound_access_enabled": true,
            "delegation": [],
            "enforce_private_link_endpoint_network_policies": false,
            "enforce_private_link_service_network_policies": false,
            "id": "/subscriptions/2e2a11b8-389a-4d5b-8afd-08fd7f8d0d78/resourceGroups/quetstroey-rg-development-northeurope-01/providers/Microsoft.Network/virtualNetworks/quetstroey-vnet-development/subnets/quetstroey-subnet-development",
            "name": "quetstroey-subnet-development",
            "private_endpoint_network_policies": "Enabled",
            "private_endpoint_network_policies_enabled": true,
            "private_link_service_network_policies_enabled": true,
            "resource_group_name": "quetstroey-rg-development-northeurope-01",
            "service_endpoint_policy_ids": [],
            "service_endpoints": [],
            "timeouts": null,
            "virtual_network_name": "quetstroey-vnet-development"
          },
          "sensitive_attributes": [],
          "private": "eyJlMmJmYjczMC1lY2FhLTExZTYtOGY4OC0zNDM2M2JjN2M0YzAiOnsiY3JlYXRlIjoxODAwMDAwMDAwMDAwLCJkZWxldGUiOjE4MDAwMDAwMDAwMDAsInJlYWQiOjMwMDAwMDAwMDAwMCwidXBkYXRlIjoxODAwMDAwMDAwMDAwfX0=",
          "dependencies": [
            "azurerm_resource_group.rg",
            "azurerm_virtual_network.vnet"
          ]
        }
      ]
    },
    {
      "mode": "managed",
      "type": "azurerm_virtual_network",
      "name": "vnet",
      "provider": "provider[\"registry.terraform.io/hashicorp/azurerm\"]",
      "instances": [
        {
          "schema_version": 0,
          "attributes": {
            "address_space": [
              "172.16.0.0/16"
            ],
            "bgp_community": "",
            "ddos_protection_plan": [],
            "dns_servers": [],
            "edge_zone": "",
            "encryption": [],
            "flow_timeout_in_minutes": 0,
            "guid": "e400c18f-c5ac-454d-a86e-5823002b622d",
            "id": "/subscriptions/2e2a11b8-389a-4d5b-8afd-08fd7f8d0d78/resourceGroups/quetstroey-rg-development-northeurope-01/providers/Microsoft.Network/virtualNetworks/quetstroey-vnet-development",
            "location": "northeurope",
            "name": "quetstroey-vnet-development",
            "resource_group_name": "quetstroey-rg-development-northeurope-01",
            "subnet": [
              {
                "address_prefix": "172.16.30.0/24",
                "id": "/subscriptions/2e2a11b8-389a-4d5b-8afd-08fd7f8d0d78/resourceGroups/quetstroey-rg-development-northeurope-01/providers/Microsoft.Network/virtualNetworks/quetstroey-vnet-development/subnets/quetstroey-subnet-development",
                "name": "quetstroey-subnet-development",
                "security_group": ""
              }
            ],
            "tags": {},
            "timeouts": null
          },
          "sensitive_attributes": [],
          "private": "eyJlMmJmYjczMC1lY2FhLTExZTYtOGY4OC0zNDM2M2JjN2M0YzAiOnsiY3JlYXRlIjoxODAwMDAwMDAwMDAwLCJkZWxldGUiOjE4MDAwMDAwMDAwMDAsInJlYWQiOjMwMDAwMDAwMDAwMCwidXBkYXRlIjoxODAwMDAwMDAwMDAwfX0=",
          "dependencies": [
            "azurerm_resource_group.rg"
          ]
        }
      ]
    }
  ],
  "check_results": null
}
