{
  "version": 4,
  "terraform_version": "1.10.3",
  "serial": 6,
  "lineage": "60f0307d-ecfa-e1f5-8278-91b3166587f8",
  "outputs": {
    "app_service_url": {
      "value": "quetstroey-webapp-production",
      "type": "string"
    },
    "environment": {
      "value": "production",
      "type": "string"
    },
    "resource_group_name": {
      "value": "quetstroey-rg-production-northeurope-01",
      "type": "string"
    }
  },
  "resources": [
    {
      "mode": "managed",
      "type": "azurerm_linux_web_app",
      "name": "web_app",
      "provider": "provider[\"registry.terraform.io/hashicorp/azurerm\"]",
      "instances": [
        {
          "schema_version": 1,
          "attributes": {
            "app_settings": null,
            "auth_settings": [],
            "auth_settings_v2": [],
            "backup": [],
            "client_affinity_enabled": false,
            "client_certificate_enabled": false,
            "client_certificate_exclusion_paths": "",
            "client_certificate_mode": "Required",
            "connection_string": [],
            "custom_domain_verification_id": "B81B04E8C37D794226263C0D9D4B4599614AA9D242B1FCB8392A6ADB3B4A25BE",
            "default_hostname": "quetstroey-webapp-production.azurewebsites.net",
            "enabled": true,
            "ftp_publish_basic_authentication_enabled": true,
            "hosting_environment_id": "",
            "https_only": false,
            "id": "/subscriptions/2e2a11b8-389a-4d5b-8afd-08fd7f8d0d78/resourceGroups/quetstroey-rg-production-northeurope-01/providers/Microsoft.Web/sites/quetstroey-webapp-production",
            "identity": [],
            "key_vault_reference_identity_id": "SystemAssigned",
            "kind": "app,linux",
            "location": "northeurope",
            "logs": [],
            "name": "quetstroey-webapp-production",
            "outbound_ip_address_list": [
              "40.127.249.181",
              "40.127.249.185",
              "40.127.249.209",
              "40.127.249.211",
              "40.127.249.230",
              "40.127.250.1",
              "40.127.248.156",
              "40.127.248.168",
              "40.127.248.178",
              "40.127.248.194",
              "40.127.248.250",
              "40.127.249.34",
              "20.107.224.49"
            ],
            "outbound_ip_addresses": "40.127.249.181,40.127.249.185,40.127.249.209,40.127.249.211,40.127.249.230,40.127.250.1,40.127.248.156,40.127.248.168,40.127.248.178,40.127.248.194,40.127.248.250,40.127.249.34,20.107.224.49",
            "possible_outbound_ip_address_list": [
              "40.127.249.181",
              "40.127.249.185",
              "40.127.249.209",
              "40.127.249.211",
              "40.127.249.230",
              "40.127.250.1",
              "40.127.248.156",
              "40.127.248.168",
              "40.127.248.178",
              "40.127.248.194",
              "40.127.248.250",
              "40.127.249.34",
              "40.127.249.64",
              "40.127.249.71",
              "40.127.249.73",
              "40.127.249.77",
              "40.127.249.93",
              "40.127.249.94",
              "40.127.249.99",
              "40.127.249.140",
              "40.127.249.157",
              "40.127.249.158",
              "40.127.249.168",
              "40.127.249.173",
              "40.127.250.4",
              "40.127.250.51",
              "40.127.250.98",
              "40.127.250.154",
              "40.127.250.176",
              "40.127.250.181",
              "20.107.224.49"
            ],
            "possible_outbound_ip_addresses": "40.127.249.181,40.127.249.185,40.127.249.209,40.127.249.211,40.127.249.230,40.127.250.1,40.127.248.156,40.127.248.168,40.127.248.178,40.127.248.194,40.127.248.250,40.127.249.34,40.127.249.64,40.127.249.71,40.127.249.73,40.127.249.77,40.127.249.93,40.127.249.94,40.127.249.99,40.127.249.140,40.127.249.157,40.127.249.158,40.127.249.168,40.127.249.173,40.127.250.4,40.127.250.51,40.127.250.98,40.127.250.154,40.127.250.176,40.127.250.181,20.107.224.49",
            "public_network_access_enabled": true,
            "resource_group_name": "quetstroey-rg-production-northeurope-01",
            "service_plan_id": "/subscriptions/2e2a11b8-389a-4d5b-8afd-08fd7f8d0d78/resourceGroups/quetstroey-rg-production-northeurope-01/providers/Microsoft.Web/serverFarms/quetstroey-asp-production",
            "site_config": [
              {
                "always_on": true,
                "api_definition_url": "",
                "api_management_api_id": "",
                "app_command_line": "",
                "application_stack": [
                  {
                    "docker_image": "",
                    "docker_image_name": "",
                    "docker_image_tag": "",
                    "docker_registry_password": "",
                    "docker_registry_url": "",
                    "docker_registry_username": "",
                    "dotnet_version": "",
                    "go_version": "",
                    "java_server": "",
                    "java_server_version": "",
                    "java_version": "",
                    "node_version": "",
                    "php_version": "",
                    "python_version": "",
                    "ruby_version": ""
                  }
                ],
                "auto_heal_enabled": false,
                "auto_heal_setting": [],
                "container_registry_managed_identity_client_id": "",
                "container_registry_use_managed_identity": false,
                "cors": [],
                "default_documents": [
                  "Default.htm",
                  "Default.html",
                  "Default.asp",
                  "index.htm",
                  "index.html",
                  "iisstart.htm",
                  "default.aspx",
                  "index.php",
                  "hostingstart.html"
                ],
                "detailed_error_logging_enabled": false,
                "ftps_state": "Disabled",
                "health_check_eviction_time_in_min": 0,
                "health_check_path": "",
                "http2_enabled": false,
                "ip_restriction": [],
                "ip_restriction_default_action": "Allow",
                "linux_fx_version": "",
                "load_balancing_mode": "LeastRequests",
                "local_mysql_enabled": false,
                "managed_pipeline_mode": "Integrated",
                "minimum_tls_version": "1.2",
                "remote_debugging_enabled": false,
                "remote_debugging_version": "VS2022",
                "scm_ip_restriction": [],
                "scm_ip_restriction_default_action": "Allow",
                "scm_minimum_tls_version": "1.2",
                "scm_type": "None",
                "scm_use_main_ip_restriction": false,
                "use_32_bit_worker": true,
                "vnet_route_all_enabled": false,
                "websockets_enabled": false,
                "worker_count": 1
              }
            ],
            "site_credential": [
              {
                "name": "$quetstroey-webapp-production",
                "password": "fRwbBvdsgq5MkZ0sgTZ6FyE6Qo4WqEbiF3ZWshunhEeAfyh5YRbY5YhzlPz7"
              }
            ],
            "sticky_settings": [],
            "storage_account": [],
            "tags": null,
            "timeouts": null,
            "virtual_network_subnet_id": "",
            "webdeploy_publish_basic_authentication_enabled": true,
            "zip_deploy_file": ""
          },
          "sensitive_attributes": [
            [
              {
                "type": "get_attr",
                "value": "site_config"
              },
              {
                "type": "index",
                "value": {
                  "value": 0,
                  "type": "number"
                }
              },
              {
                "type": "get_attr",
                "value": "application_stack"
              },
              {
                "type": "index",
                "value": {
                  "value": 0,
                  "type": "number"
                }
              },
              {
                "type": "get_attr",
                "value": "docker_registry_password"
              }
            ],
            [
              {
                "type": "get_attr",
                "value": "custom_domain_verification_id"
              }
            ],
            [
              {
                "type": "get_attr",
                "value": "site_credential"
              }
            ]
          ],
          "private": "eyJlMmJmYjczMC1lY2FhLTExZTYtOGY4OC0zNDM2M2JjN2M0YzAiOnsiY3JlYXRlIjoxODAwMDAwMDAwMDAwLCJkZWxldGUiOjE4MDAwMDAwMDAwMDAsInJlYWQiOjMwMDAwMDAwMDAwMCwidXBkYXRlIjoxODAwMDAwMDAwMDAwfSwic2NoZW1hX3ZlcnNpb24iOiIxIn0=",
          "dependencies": [
            "azurerm_resource_group.rg",
            "azurerm_service_plan.service_plan"
          ]
        }
      ]
    },
    {
      "mode": "managed",
      "type": "azurerm_resource_group",
      "name": "rg",
      "provider": "provider[\"registry.terraform.io/hashicorp/azurerm\"]",
      "instances": [
        {
          "schema_version": 0,
          "attributes": {
            "id": "/subscriptions/2e2a11b8-389a-4d5b-8afd-08fd7f8d0d78/resourceGroups/quetstroey-rg-production-northeurope-01",
            "location": "northeurope",
            "managed_by": "",
            "name": "quetstroey-rg-production-northeurope-01",
            "tags": null,
            "timeouts": null
          },
          "sensitive_attributes": [],
          "private": "eyJlMmJmYjczMC1lY2FhLTExZTYtOGY4OC0zNDM2M2JjN2M0YzAiOnsiY3JlYXRlIjo1NDAwMDAwMDAwMDAwLCJkZWxldGUiOjU0MDAwMDAwMDAwMDAsInJlYWQiOjMwMDAwMDAwMDAwMCwidXBkYXRlIjo1NDAwMDAwMDAwMDAwfX0="
        }
      ]
    },
    {
      "mode": "managed",
      "type": "azurerm_service_plan",
      "name": "service_plan",
      "provider": "provider[\"registry.terraform.io/hashicorp/azurerm\"]",
      "instances": [
        {
          "schema_version": 1,
          "attributes": {
            "app_service_environment_id": "",
            "id": "/subscriptions/2e2a11b8-389a-4d5b-8afd-08fd7f8d0d78/resourceGroups/quetstroey-rg-production-northeurope-01/providers/Microsoft.Web/serverFarms/quetstroey-asp-production",
            "kind": "linux",
            "location": "northeurope",
            "maximum_elastic_worker_count": 1,
            "name": "quetstroey-asp-production",
            "os_type": "Linux",
            "per_site_scaling_enabled": false,
            "reserved": true,
            "resource_group_name": "quetstroey-rg-production-northeurope-01",
            "sku_name": "B1",
            "tags": null,
            "timeouts": null,
            "worker_count": 1,
            "zone_balancing_enabled": false
          },
          "sensitive_attributes": [],
          "private": "eyJlMmJmYjczMC1lY2FhLTExZTYtOGY4OC0zNDM2M2JjN2M0YzAiOnsiY3JlYXRlIjozNjAwMDAwMDAwMDAwLCJkZWxldGUiOjM2MDAwMDAwMDAwMDAsInJlYWQiOjMwMDAwMDAwMDAwMCwidXBkYXRlIjozNjAwMDAwMDAwMDAwfSwic2NoZW1hX3ZlcnNpb24iOiIxIn0=",
          "dependencies": [
            "azurerm_resource_group.rg"
          ]
        }
      ]
    },
    {
      "mode": "managed",
      "type": "azurerm_subnet",
      "name": "subnet",
      "provider": "provider[\"registry.terraform.io/hashicorp/azurerm\"]",
      "instances": [
        {
          "schema_version": 0,
          "attributes": {
            "address_prefixes": [
              "172.16.35.0/24"
            ],
            "default_outbound_access_enabled": true,
            "delegation": [],
            "enforce_private_link_endpoint_network_policies": false,
            "enforce_private_link_service_network_policies": false,
            "id": "/subscriptions/2e2a11b8-389a-4d5b-8afd-08fd7f8d0d78/resourceGroups/quetstroey-rg-production-northeurope-01/providers/Microsoft.Network/virtualNetworks/quetstroey-vnet-production/subnets/quetstroey-subnet-production",
            "name": "quetstroey-subnet-production",
            "private_endpoint_network_policies": "Enabled",
            "private_endpoint_network_policies_enabled": true,
            "private_link_service_network_policies_enabled": true,
            "resource_group_name": "quetstroey-rg-production-northeurope-01",
            "service_endpoint_policy_ids": null,
            "service_endpoints": null,
            "timeouts": null,
            "virtual_network_name": "quetstroey-vnet-production"
          },
          "sensitive_attributes": [],
          "private": "eyJlMmJmYjczMC1lY2FhLTExZTYtOGY4OC0zNDM2M2JjN2M0YzAiOnsiY3JlYXRlIjoxODAwMDAwMDAwMDAwLCJkZWxldGUiOjE4MDAwMDAwMDAwMDAsInJlYWQiOjMwMDAwMDAwMDAwMCwidXBkYXRlIjoxODAwMDAwMDAwMDAwfX0=",
          "dependencies": [
            "azurerm_resource_group.rg",
            "azurerm_virtual_network.vnet"
          ]
        }
      ]
    },
    {
      "mode": "managed",
      "type": "azurerm_virtual_network",
      "name": "vnet",
      "provider": "provider[\"registry.terraform.io/hashicorp/azurerm\"]",
      "instances": [
        {
          "schema_version": 0,
          "attributes": {
            "address_space": [
              "172.16.0.0/16"
            ],
            "bgp_community": "",
            "ddos_protection_plan": [],
            "dns_servers": [],
            "edge_zone": "",
            "encryption": [],
            "flow_timeout_in_minutes": 0,
            "guid": "3c281cf9-b0f1-4d9e-97f7-4beba96c3249",
            "id": "/subscriptions/2e2a11b8-389a-4d5b-8afd-08fd7f8d0d78/resourceGroups/quetstroey-rg-production-northeurope-01/providers/Microsoft.Network/virtualNetworks/quetstroey-vnet-production",
            "location": "northeurope",
            "name": "quetstroey-vnet-production",
            "resource_group_name": "quetstroey-rg-production-northeurope-01",
            "subnet": [],
            "tags": null,
            "timeouts": null
          },
          "sensitive_attributes": [],
          "private": "eyJlMmJmYjczMC1lY2FhLTExZTYtOGY4OC0zNDM2M2JjN2M0YzAiOnsiY3JlYXRlIjoxODAwMDAwMDAwMDAwLCJkZWxldGUiOjE4MDAwMDAwMDAwMDAsInJlYWQiOjMwMDAwMDAwMDAwMCwidXBkYXRlIjoxODAwMDAwMDAwMDAwfX0=",
          "dependencies": [
            "azurerm_resource_group.rg"
          ]
        }
      ]
    }
  ],
  "check_results": null
}
